
Microsoft Visual Studio Solution File, Format Version 12.00
Project("{2150E333-8FDC-42A3-9474-1A3956D46DE8}") = "src", "src", "{D0D920DF-B6E6-4EA7-ADB6-59322520735D}"
EndProject
Project("{2150E333-8FDC-42A3-9474-1A3956D46DE8}") = "tests", "tests", "{F9446962-6147-483E-B261-9E6BEBB1F626}"
EndProject
Project("{FAE04EC0-301F-11D3-BF4B-00C04F79EFBC}") = "Authentication.Grpc", "src\Authentication.Grpc\Authentication.Grpc.csproj", "{8AEC190A-95D7-49E7-A5E1-98F82712FA0B}"
EndProject
Project("{FAE04EC0-301F-11D3-BF4B-00C04F79EFBC}") = "Authentication.Core", "src\Authentication.Core\Authentication.Core.csproj", "{C4A86C69-E442-49F1-87F7-2B1D97590EFD}"
EndProject
Project("{FAE04EC0-301F-11D3-BF4B-00C04F79EFBC}") = "Authentication.Infrastructure", "src\Authentication.Infrastructure\Authentication.Infrastructure.csproj", "{98DA3283-3499-4820-95C4-537BECD3D674}"
EndProject
Project("{FAE04EC0-301F-11D3-BF4B-00C04F79EFBC}") = "Authentication.UnitTests", "tests\Authentication.UnitTests\Authentication.UnitTests.csproj", "{A3048E23-249C-40F5-957F-CD79116E4CE6}"
EndProject
Project("{FAE04EC0-301F-11D3-BF4B-00C04F79EFBC}") = "Authentication.IntegrationTests", "tests\Authentication.IntegrationTests\Authentication.IntegrationTests.csproj", "{6E77C544-DEFA-4F1D-9E23-694A4DF4E9BA}"
EndProject
Project("{2150E333-8FDC-42A3-9474-1A3956D46DE8}") = "libraries", "libraries", "{40D54F45-125A-4C06-84E1-71C46C0F677C}"
EndProject
Project("{FAE04EC0-301F-11D3-BF4B-00C04F79EFBC}") = "Authentication", "..\..\Libraries\Authentication\Authentication.csproj", "{F5709DBB-90D6-4944-B8DC-E6C1A6780932}"
EndProject
Project("{FAE04EC0-301F-11D3-BF4B-00C04F79EFBC}") = "Authentication.SchemaBuilder", "src\Authentication.SchemaBuilder\Authentication.SchemaBuilder.csproj", "{53C022CB-0BC4-4EC7-9E3D-0EAAC7F8DEBD}"
EndProject
Project("{2150E333-8FDC-42A3-9474-1A3956D46DE8}") = ".build", ".build", "{55CAEFE5-AC55-4769-823D-1DFCE45F77C5}"
EndProject
Project("{FAE04EC0-301F-11D3-BF4B-00C04F79EFBC}") = "Logging", "..\..\Libraries\Logging\Logging.csproj", "{C386FA90-0784-4A66-B38D-0B7E06BC39DB}"
EndProject
Project("{FAE04EC0-301F-11D3-BF4B-00C04F79EFBC}") = "Api", "..\..\Libraries\Api\Api.csproj", "{50346C62-34CC-4A5D-A922-EBFDB3637E2A}"
EndProject
Global
	GlobalSection(SolutionConfigurationPlatforms) = preSolution
		Debug|Any CPU = Debug|Any CPU
		Release|Any CPU = Release|Any CPU
	EndGlobalSection
	GlobalSection(ProjectConfigurationPlatforms) = postSolution
		{8AEC190A-95D7-49E7-A5E1-98F82712FA0B}.Debug|Any CPU.ActiveCfg = Debug|Any CPU
		{8AEC190A-95D7-49E7-A5E1-98F82712FA0B}.Debug|Any CPU.Build.0 = Debug|Any CPU
		{8AEC190A-95D7-49E7-A5E1-98F82712FA0B}.Release|Any CPU.ActiveCfg = Release|Any CPU
		{8AEC190A-95D7-49E7-A5E1-98F82712FA0B}.Release|Any CPU.Build.0 = Release|Any CPU
		{C4A86C69-E442-49F1-87F7-2B1D97590EFD}.Debug|Any CPU.ActiveCfg = Debug|Any CPU
		{C4A86C69-E442-49F1-87F7-2B1D97590EFD}.Debug|Any CPU.Build.0 = Debug|Any CPU
		{C4A86C69-E442-49F1-87F7-2B1D97590EFD}.Release|Any CPU.ActiveCfg = Release|Any CPU
		{C4A86C69-E442-49F1-87F7-2B1D97590EFD}.Release|Any CPU.Build.0 = Release|Any CPU
		{98DA3283-3499-4820-95C4-537BECD3D674}.Debug|Any CPU.ActiveCfg = Debug|Any CPU
		{98DA3283-3499-4820-95C4-537BECD3D674}.Debug|Any CPU.Build.0 = Debug|Any CPU
		{98DA3283-3499-4820-95C4-537BECD3D674}.Release|Any CPU.ActiveCfg = Release|Any CPU
		{98DA3283-3499-4820-95C4-537BECD3D674}.Release|Any CPU.Build.0 = Release|Any CPU
		{A3048E23-249C-40F5-957F-CD79116E4CE6}.Debug|Any CPU.ActiveCfg = Debug|Any CPU
		{A3048E23-249C-40F5-957F-CD79116E4CE6}.Debug|Any CPU.Build.0 = Debug|Any CPU
		{A3048E23-249C-40F5-957F-CD79116E4CE6}.Release|Any CPU.ActiveCfg = Release|Any CPU
		{A3048E23-249C-40F5-957F-CD79116E4CE6}.Release|Any CPU.Build.0 = Release|Any CPU
		{6E77C544-DEFA-4F1D-9E23-694A4DF4E9BA}.Debug|Any CPU.ActiveCfg = Debug|Any CPU
		{6E77C544-DEFA-4F1D-9E23-694A4DF4E9BA}.Debug|Any CPU.Build.0 = Debug|Any CPU
		{6E77C544-DEFA-4F1D-9E23-694A4DF4E9BA}.Release|Any CPU.ActiveCfg = Release|Any CPU
		{6E77C544-DEFA-4F1D-9E23-694A4DF4E9BA}.Release|Any CPU.Build.0 = Release|Any CPU
		{F5709DBB-90D6-4944-B8DC-E6C1A6780932}.Debug|Any CPU.ActiveCfg = Debug|Any CPU
		{F5709DBB-90D6-4944-B8DC-E6C1A6780932}.Debug|Any CPU.Build.0 = Debug|Any CPU
		{F5709DBB-90D6-4944-B8DC-E6C1A6780932}.Release|Any CPU.ActiveCfg = Release|Any CPU
		{F5709DBB-90D6-4944-B8DC-E6C1A6780932}.Release|Any CPU.Build.0 = Release|Any CPU
		{53C022CB-0BC4-4EC7-9E3D-0EAAC7F8DEBD}.Debug|Any CPU.ActiveCfg = Debug|Any CPU
		{53C022CB-0BC4-4EC7-9E3D-0EAAC7F8DEBD}.Debug|Any CPU.Build.0 = Debug|Any CPU
		{53C022CB-0BC4-4EC7-9E3D-0EAAC7F8DEBD}.Release|Any CPU.ActiveCfg = Release|Any CPU
		{53C022CB-0BC4-4EC7-9E3D-0EAAC7F8DEBD}.Release|Any CPU.Build.0 = Release|Any CPU
		{C386FA90-0784-4A66-B38D-0B7E06BC39DB}.Debug|Any CPU.ActiveCfg = Debug|Any CPU
		{C386FA90-0784-4A66-B38D-0B7E06BC39DB}.Debug|Any CPU.Build.0 = Debug|Any CPU
		{C386FA90-0784-4A66-B38D-0B7E06BC39DB}.Release|Any CPU.ActiveCfg = Release|Any CPU
		{C386FA90-0784-4A66-B38D-0B7E06BC39DB}.Release|Any CPU.Build.0 = Release|Any CPU
		{50346C62-34CC-4A5D-A922-EBFDB3637E2A}.Debug|Any CPU.ActiveCfg = Debug|Any CPU
		{50346C62-34CC-4A5D-A922-EBFDB3637E2A}.Debug|Any CPU.Build.0 = Debug|Any CPU
		{50346C62-34CC-4A5D-A922-EBFDB3637E2A}.Release|Any CPU.ActiveCfg = Release|Any CPU
		{50346C62-34CC-4A5D-A922-EBFDB3637E2A}.Release|Any CPU.Build.0 = Release|Any CPU
	EndGlobalSection
	GlobalSection(NestedProjects) = preSolution
		{8AEC190A-95D7-49E7-A5E1-98F82712FA0B} = {D0D920DF-B6E6-4EA7-ADB6-59322520735D}
		{C4A86C69-E442-49F1-87F7-2B1D97590EFD} = {D0D920DF-B6E6-4EA7-ADB6-59322520735D}
		{98DA3283-3499-4820-95C4-537BECD3D674} = {D0D920DF-B6E6-4EA7-ADB6-59322520735D}
		{A3048E23-249C-40F5-957F-CD79116E4CE6} = {F9446962-6147-483E-B261-9E6BEBB1F626}
		{6E77C544-DEFA-4F1D-9E23-694A4DF4E9BA} = {F9446962-6147-483E-B261-9E6BEBB1F626}
		{F5709DBB-90D6-4944-B8DC-E6C1A6780932} = {40D54F45-125A-4C06-84E1-71C46C0F677C}
		{53C022CB-0BC4-4EC7-9E3D-0EAAC7F8DEBD} = {D0D920DF-B6E6-4EA7-ADB6-59322520735D}
		{C386FA90-0784-4A66-B38D-0B7E06BC39DB} = {40D54F45-125A-4C06-84E1-71C46C0F677C}
		{50346C62-34CC-4A5D-A922-EBFDB3637E2A} = {40D54F45-125A-4C06-84E1-71C46C0F677C}
	EndGlobalSection
EndGlobal
